
Microsoft Visual Studio Solution File, Format Version 12.00
# Visual Studio 15
VisualStudioVersion = 15.0.28010.2041
MinimumVisualStudioVersion = 10.0.40219.1
Project("{888888A0-9F3D-457C-B088-3A5042F75D52}") = "chechkoutSystem2", "chechkoutSystem2\chechkoutSystem2.pyproj", "{58D88864-977C-4B0E-89C8-BF1FF6A44717}"
EndProject
Global
	GlobalSection(SolutionConfigurationPlatforms) = preSolution
		Debug|Any CPU = Debug|Any CPU
		Release|Any CPU = Release|Any CPU
	EndGlobalSection
	GlobalSection(ProjectConfigurationPlatforms) = postSolution
		{58D88864-977C-4B0E-89C8-BF1FF6A44717}.Debug|Any CPU.ActiveCfg = Debug|Any CPU
		{58D88864-977C-4B0E-89C8-BF1FF6A44717}.Release|Any CPU.ActiveCfg = Release|Any CPU
	EndGlobalSection
	GlobalSection(SolutionProperties) = preSolution
		HideSolutionNode = FALSE
	EndGlobalSection
	GlobalSection(ExtensibilityGlobals) = postSolution
		SolutionGuid = {76700732-2138-4F64-8A4C-F87E5DBA287E}
	EndGlobalSection
EndGlobal
